// !$*UTF8*$!
{
	archiveVersion = 1;
	classes = {
	};
	objectVersion = 50;
	objects = {

/* Begin PBXBuildFile section */
		BFDA6DC620FD2BE900F6589E /* AppDelegate.swift in Sources */ = {isa = PBXBuildFile; fileRef = BFDA6DC520FD2BE900F6589E /* AppDelegate.swift */; };
		BFDA6DC820FD2BE900F6589E /* ViewController.swift in Sources */ = {isa = PBXBuildFile; fileRef = BFDA6DC720FD2BE900F6589E /* ViewController.swift */; };
		BFDA6DCB20FD2BE900F6589E /* Main.storyboard in Resources */ = {isa = PBXBuildFile; fileRef = BFDA6DC920FD2BE900F6589E /* Main.storyboard */; };
		BFDA6DCD20FD2BE900F6589E /* Assets.xcassets in Resources */ = {isa = PBXBuildFile; fileRef = BFDA6DCC20FD2BE900F6589E /* Assets.xcassets */; };
		BFDA6DD020FD2BE900F6589E /* LaunchScreen.storyboard in Resources */ = {isa = PBXBuildFile; fileRef = BFDA6DCE20FD2BE900F6589E /* LaunchScreen.storyboard */; };
		BFDA6DE320FD2C6400F6589E /* HelloKit.framework in Frameworks */ = {isa = PBXBuildFile; fileRef = BFDA6DE120FD2C5700F6589E /* HelloKit.framework */; };
		BFDA6DE420FD2C6400F6589E /* HelloKit.framework in Embed Frameworks */ = {isa = PBXBuildFile; fileRef = BFDA6DE120FD2C5700F6589E /* HelloKit.framework */; settings = {ATTRIBUTES = (CodeSignOnCopy, RemoveHeadersOnCopy, ); }; };
/* End PBXBuildFile section */

/* Begin PBXContainerItemProxy section */
		BFDA6DDE20FD2C5700F6589E /* PBXContainerItemProxy */ = {
			isa = PBXContainerItemProxy;
			containerPortal = BFDA6DD720FD2C5600F6589E /* Dependencies.xcodeproj */;
			proxyType = 2;
			remoteGlobalIDString = "Dependencies::Dependencies::Product";
			remoteInfo = Dependencies;
		};
		BFDA6DE020FD2C5700F6589E /* PBXContainerItemProxy */ = {
			isa = PBXContainerItemProxy;
			containerPortal = BFDA6DD720FD2C5600F6589E /* Dependencies.xcodeproj */;
			proxyType = 2;
			remoteGlobalIDString = "HelloKit::HelloKit::Product";
			remoteInfo = HelloKit;
		};
		BFDA6DE520FD2C6400F6589E /* PBXContainerItemProxy */ = {
			isa = PBXContainerItemProxy;
			containerPortal = BFDA6DD720FD2C5600F6589E /* Dependencies.xcodeproj */;
			proxyType = 1;
			remoteGlobalIDString = "HelloKit::HelloKit";
			remoteInfo = HelloKit;
		};
/* End PBXContainerItemProxy section */

/* Begin PBXCopyFilesBuildPhase section */
		BFDA6DE720FD2C6400F6589E /* Embed Frameworks */ = {
			isa = PBXCopyFilesBuildPhase;
			buildActionMask = 2147483647;
			dstPath = "";
			dstSubfolderSpec = 10;
			files = (
				BFDA6DE420FD2C6400F6589E /* HelloKit.framework in Embed Frameworks */,
			);
			name = "Embed Frameworks";
			runOnlyForDeploymentPostprocessing = 0;
		};
/* End PBXCopyFilesBuildPhase section */

/* Begin PBXFileReference section */
		BFDA6DC220FD2BE900F6589E /* HelloApp.app */ = {isa = PBXFileReference; explicitFileType = wrapper.application; includeInIndex = 0; path = HelloApp.app; sourceTree = BUILT_PRODUCTS_DIR; };
		BFDA6DC520FD2BE900F6589E /* AppDelegate.swift */ = {isa = PBXFileReference; lastKnownFileType = sourcecode.swift; path = AppDelegate.swift; sourceTree = "<group>"; };
		BFDA6DC720FD2BE900F6589E /* ViewController.swift */ = {isa = PBXFileReference; lastKnownFileType = sourcecode.swift; path = ViewController.swift; sourceTree = "<group>"; };
		BFDA6DCA20FD2BE900F6589E /* Base */ = {isa = PBXFileReference; lastKnownFileType = file.storyboard; name = Base; path = Base.lproj/Main.storyboard; sourceTree = "<group>"; };
		BFDA6DCC20FD2BE900F6589E /* Assets.xcassets */ = {isa = PBXFileReference; lastKnownFileType = folder.assetcatalog; path = Assets.xcassets; sourceTree = "<group>"; };
		BFDA6DCF20FD2BE900F6589E /* Base */ = {isa = PBXFileReference; lastKnownFileType = file.storyboard; name = Base; path = Base.lproj/LaunchScreen.storyboard; sourceTree = "<group>"; };
		BFDA6DD120FD2BE900F6589E /* Info.plist */ = {isa = PBXFileReference; lastKnownFileType = text.plist.xml; path = Info.plist; sourceTree = "<group>"; };
		BFDA6DD720FD2C5600F6589E /* Dependencies.xcodeproj */ = {isa = PBXFileReference; lastKnownFileType = "wrapper.pb-project"; name = Dependencies.xcodeproj; path = Dependencies/Dependencies.xcodeproj; sourceTree = "<group>"; };
/* End PBXFileReference section */

/* Begin PBXFrameworksBuildPhase section */
		BFDA6DBF20FD2BE900F6589E /* Frameworks */ = {
			isa = PBXFrameworksBuildPhase;
			buildActionMask = 2147483647;
			files = (
				BFDA6DE320FD2C6400F6589E /* HelloKit.framework in Frameworks */,
			);
			runOnlyForDeploymentPostprocessing = 0;
		};
/* End PBXFrameworksBuildPhase section */

/* Begin PBXGroup section */
		BFDA6DB920FD2BE900F6589E = {
			isa = PBXGroup;
			children = (
				BFDA6DC420FD2BE900F6589E /* HelloApp */,
				BFDA6DC320FD2BE900F6589E /* Products */,
				BFDA6DD720FD2C5600F6589E /* Dependencies.xcodeproj */,
			);
			sourceTree = "<group>";
		};
		BFDA6DC320FD2BE900F6589E /* Products */ = {
			isa = PBXGroup;
			children = (
				BFDA6DC220FD2BE900F6589E /* HelloApp.app */,
			);
			name = Products;
			sourceTree = "<group>";
		};
		BFDA6DC420FD2BE900F6589E /* HelloApp */ = {
			isa = PBXGroup;
			children = (
				BFDA6DC520FD2BE900F6589E /* AppDelegate.swift */,
				BFDA6DC720FD2BE900F6589E /* ViewController.swift */,
				BFDA6DC920FD2BE900F6589E /* Main.storyboard */,
				BFDA6DCC20FD2BE900F6589E /* Assets.xcassets */,
				BFDA6DCE20FD2BE900F6589E /* LaunchScreen.storyboard */,
				BFDA6DD120FD2BE900F6589E /* Info.plist */,
			);
			path = HelloApp;
			sourceTree = "<group>";
		};
		BFDA6DD820FD2C5600F6589E /* Products */ = {
			isa = PBXGroup;
			children = (
				BFDA6DDF20FD2C5700F6589E /* Dependencies.framework */,
				BFDA6DE120FD2C5700F6589E /* HelloKit.framework */,
			);
			name = Products;
			sourceTree = "<group>";
		};
/* End PBXGroup section */

/* Begin PBXNativeTarget section */
		BFDA6DC120FD2BE900F6589E /* HelloApp */ = {
			isa = PBXNativeTarget;
			buildConfigurationList = BFDA6DD420FD2BE900F6589E /* Build configuration list for PBXNativeTarget "HelloApp" */;
			buildPhases = (
				BFDA6DBE20FD2BE900F6589E /* Sources */,
				BFDA6DBF20FD2BE900F6589E /* Frameworks */,
				BFDA6DC020FD2BE900F6589E /* Resources */,
				BFDA6DE720FD2C6400F6589E /* Embed Frameworks */,
			);
			buildRules = (
			);
			dependencies = (
				BFDA6DE620FD2C6400F6589E /* PBXTargetDependency */,
			);
			name = HelloApp;
			productName = HelloApp;
			productReference = BFDA6DC220FD2BE900F6589E /* HelloApp.app */;
			productType = "com.apple.product-type.application";
		};
/* End PBXNativeTarget section */

/* Begin PBXProject section */
		BFDA6DBA20FD2BE900F6589E /* Project object */ = {
			isa = PBXProject;
			attributes = {
				LastSwiftUpdateCheck = 1000;
				LastUpgradeCheck = 1000;
				ORGANIZATIONNAME = Example;
				TargetAttributes = {
					BFDA6DC120FD2BE900F6589E = {
						CreatedOnToolsVersion = 10.0;
					};
				};
			};
			buildConfigurationList = BFDA6DBD20FD2BE900F6589E /* Build configuration list for PBXProject "HelloApp" */;
			compatibilityVersion = "Xcode 9.3";
			developmentRegion = en;
			hasScannedForEncodings = 0;
			knownRegions = (
				en,
				Base,
			);
			mainGroup = BFDA6DB920FD2BE900F6589E;
			productRefGroup = BFDA6DC320FD2BE900F6589E /* Products */;
			projectDirPath = "";
			projectReferences = (
				{
					ProductGroup = BFDA6DD820FD2C5600F6589E /* Products */;
					ProjectRef = BFDA6DD720FD2C5600F6589E /* Dependencies.xcodeproj */;
				},
			);
			projectRoot = "";
			targets = (
				BFDA6DC120FD2BE900F6589E /* HelloApp */,
			);
		};
/* End PBXProject section */

/* Begin PBXReferenceProxy section */
		BFDA6DDF20FD2C5700F6589E /* Dependencies.framework */ = {
			isa = PBXReferenceProxy;
			fileType = wrapper.framework;
			path = Dependencies.framework;
			remoteRef = BFDA6DDE20FD2C5700F6589E /* PBXContainerItemProxy */;
			sourceTree = BUILT_PRODUCTS_DIR;
		};
		BFDA6DE120FD2C5700F6589E /* HelloKit.framework */ = {
			isa = PBXReferenceProxy;
			fileType = wrapper.framework;
			path = HelloKit.framework;
			remoteRef = BFDA6DE020FD2C5700F6589E /* PBXContainerItemProxy */;
			sourceTree = BUILT_PRODUCTS_DIR;
		};
/* End PBXReferenceProxy section */

/* Begin PBXResourcesBuildPhase section */
		BFDA6DC020FD2BE900F6589E /* Resources */ = {
			isa = PBXResourcesBuildPhase;
			buildActionMask = 2147483647;
			files = (
				BFDA6DD020FD2BE900F6589E /* LaunchScreen.storyboard in Resources */,
				BFDA6DCD20FD2BE900F6589E /* Assets.xcassets in Resources */,
				BFDA6DCB20FD2BE900F6589E /* Main.storyboard in Resources */,
			);
			runOnlyForDeploymentPostprocessing = 0;
		};
/* End PBXResourcesBuildPhase section */

/* Begin PBXSourcesBuildPhase section */
		BFDA6DBE20FD2BE900F6589E /* Sources */ = {
			isa = PBXSourcesBuildPhase;
			buildActionMask = 2147483647;
			files = (
				BFDA6DC820FD2BE900F6589E /* ViewController.swift in Sources */,
				BFDA6DC620FD2BE900F6589E /* AppDelegate.swift in Sources */,
			);
			runOnlyForDeploymentPostprocessing = 0;
		};
/* End PBXSourcesBuildPhase section */

/* Begin PBXTargetDependency section */
		BFDA6DE620FD2C6400F6589E /* PBXTargetDependency */ = {
			isa = PBXTargetDependency;
			name = HelloKit;
			targetProxy = BFDA6DE520FD2C6400F6589E /* PBXContainerItemProxy */;
		};
/* End PBXTargetDependency section */

/* Begin PBXVariantGroup section */
		BFDA6DC920FD2BE900F6589E /* Main.storyboard */ = {
			isa = PBXVariantGroup;
			children = (
				BFDA6DCA20FD2BE900F6589E /* Base */,
			);
			name = Main.storyboard;
			sourceTree = "<group>";
		};
		BFDA6DCE20FD2BE900F6589E /* LaunchScreen.storyboard */ = {
			isa = PBXVariantGroup;
			children = (
				BFDA6DCF20FD2BE900F6589E /* Base */,
			);
			name = LaunchScreen.storyboard;
			sourceTree = "<group>";
		};
/* End PBXVariantGroup section */

/* Begin XCBuildConfiguration section */
		BFDA6DD220FD2BE900F6589E /* Debug */ = {
			isa = XCBuildConfiguration;
			buildSettings = {
				ALWAYS_SEARCH_USER_PATHS = NO;
				CLANG_ANALYZER_NONNULL = YES;
				CLANG_ANALYZER_NUMBER_OBJECT_CONVERSION = YES_AGGRESSIVE;
				CLANG_CXX_LANGUAGE_STANDARD = "gnu++14";
				CLANG_CXX_LIBRARY = "libc++";
				CLANG_ENABLE_MODULES = YES;
				CLANG_ENABLE_OBJC_ARC = YES;
				CLANG_ENABLE_OBJC_WEAK = YES;
				CLANG_WARN_BLOCK_CAPTURE_AUTORELEASING = YES;
				CLANG_WARN_BOOL_CONVERSION = YES;
				CLANG_WARN_COMMA = YES;
				CLANG_WARN_CONSTANT_CONVERSION = YES;
				CLANG_WARN_DEPRECATED_OBJC_IMPLEMENTATIONS = YES;
				CLANG_WARN_DIRECT_OBJC_ISA_USAGE = YES_ERROR;
				CLANG_WARN_DOCUMENTATION_COMMENTS = YES;
				CLANG_WARN_EMPTY_BODY = YES;
				CLANG_WARN_ENUM_CONVERSION = YES;
				CLANG_WARN_INFINITE_RECURSION = YES;
				CLANG_WARN_INT_CONVERSION = YES;
				CLANG_WARN_NON_LITERAL_NULL_CONVERSION = YES;
				CLANG_WARN_OBJC_IMPLICIT_RETAIN_SELF = YES;
				CLANG_WARN_OBJC_LITERAL_CONVERSION = YES;
				CLANG_WARN_OBJC_ROOT_CLASS = YES_ERROR;
				CLANG_WARN_RANGE_LOOP_ANALYSIS = YES;
				CLANG_WARN_STRICT_PROTOTYPES = YES;
				CLANG_WARN_SUSPICIOUS_MOVE = YES;
				CLANG_WARN_UNGUARDED_AVAILABILITY = YES_AGGRESSIVE;
				CLANG_WARN_UNREACHABLE_CODE = YES;
				CLANG_WARN__DUPLICATE_METHOD_MATCH = YES;
				CODE_SIGN_IDENTITY = "iPhone Developer";
				COPY_PHASE_STRIP = NO;
				DEBUG_INFORMATION_FORMAT = dwarf;
				ENABLE_STRICT_OBJC_MSGSEND = YES;
				ENABLE_TESTABILITY = YES;
				GCC_C_LANGUAGE_STANDARD = gnu11;
				GCC_DYNAMIC_NO_PIC = NO;
				GCC_NO_COMMON_BLOCKS = YES;
				GCC_OPTIMIZATION_LEVEL = 0;
				GCC_PREPROCESSOR_DEFINITIONS = (
					"DEBUG=1",
					"$(inherited)",
				);
				GCC_WARN_64_TO_32_BIT_CONVERSION = YES;
				GCC_WARN_ABOUT_RETURN_TYPE = YES_ERROR;
				GCC_WARN_UNDECLARED_SELECTOR = YES;
				GCC_WARN_UNINITIALIZED_AUTOS = YES_AGGRESSIVE;
				GCC_WARN_UNUSED_FUNCTION = YES;
				GCC_WARN_UNUSED_VARIABLE = YES;
				IPHONEOS_DEPLOYMENT_TARGET = 12.0;
				MTL_ENABLE_DEBUG_INFO = INCLUDE_SOURCE;
				MTL_FAST_MATH = YES;
				ONLY_ACTIVE_ARCH = YES;
				SDKROOT = iphoneos;
				SWIFT_ACTIVE_COMPILATION_CONDITIONS = DEBUG;
				SWIFT_OPTIMIZATION_LEVEL = "-Onone";
			};
			name = Debug;
		};
		BFDA6DD320FD2BE900F6589E /* Release */ = {
			isa = XCBuildConfiguration;
			buildSettings = {
				ALWAYS_SEARCH_USER_PATHS = NO;
				CLANG_ANALYZER_NONNULL = YES;
				CLANG_ANALYZER_NUMBER_OBJECT_CONVERSION = YES_AGGRESSIVE;
				CLANG_CXX_LANGUAGE_STANDARD = "gnu++14";
				CLANG_CXX_LIBRARY = "libc++";
				CLANG_ENABLE_MODULES = YES;
				CLANG_ENABLE_OBJC_ARC = YES;
				CLANG_ENABLE_OBJC_WEAK = YES;
				CLANG_WARN_BLOCK_CAPTURE_AUTORELEASING = YES;
				CLANG_WARN_BOOL_CONVERSION = YES;
				CLANG_WARN_COMMA = YES;
				CLANG_WARN_CONSTANT_CONVERSION = YES;
				CLANG_WARN_DEPRECATED_OBJC_IMPLEMENTATIONS = YES;
				CLANG_WARN_DIRECT_OBJC_ISA_USAGE = YES_ERROR;
				CLANG_WARN_DOCUMENTATION_COMMENTS = YES;
				CLANG_WARN_EMPTY_BODY = YES;
				CLANG_WARN_ENUM_CONVERSION = YES;
				CLANG_WARN_INFINITE_RECURSION = YES;
				CLANG_WARN_INT_CONVERSION = YES;
				CLANG_WARN_NON_LITERAL_NULL_CONVERSION = YES;
				CLANG_WARN_OBJC_IMPLICIT_RETAIN_SELF = YES;
				CLANG_WARN_OBJC_LITERAL_CONVERSION = YES;
				CLANG_WARN_OBJC_ROOT_CLASS = YES_ERROR;
				CLANG_WARN_RANGE_LOOP_ANALYSIS = YES;
				CLANG_WARN_STRICT_PROTOTYPES = YES;
				CLANG_WARN_SUSPICIOUS_MOVE = YES;
				CLANG_WARN_UNGUARDED_AVAILABILITY = YES_AGGRESSIVE;
				CLANG_WARN_UNREACHABLE_CODE = YES;
				CLANG_WARN__DUPLICATE_METHOD_MATCH = YES;
				CODE_SIGN_IDENTITY = "iPhone Developer";
				COPY_PHASE_STRIP = NO;
				DEBUG_INFORMATION_FORMAT = "dwarf-with-dsym";
				ENABLE_NS_ASSERTIONS = NO;
				ENABLE_STRICT_OBJC_MSGSEND = YES;
				GCC_C_LANGUAGE_STANDARD = gnu11;
				GCC_NO_COMMON_BLOCKS = YES;
				GCC_WARN_64_TO_32_BIT_CONVERSION = YES;
				GCC_WARN_ABOUT_RETURN_TYPE = YES_ERROR;
				GCC_WARN_UNDECLARED_SELECTOR = YES;
				GCC_WARN_UNINITIALIZED_AUTOS = YES_AGGRESSIVE;
				GCC_WARN_UNUSED_FUNCTION = YES;
				GCC_WARN_UNUSED_VARIABLE = YES;
				IPHONEOS_DEPLOYMENT_TARGET = 12.0;
				MTL_ENABLE_DEBUG_INFO = NO;
				MTL_FAST_MATH = YES;
				SDKROOT = iphoneos;
				SWIFT_COMPILATION_MODE = wholemodule;
				SWIFT_OPTIMIZATION_LEVEL = "-O";
				VALIDATE_PRODUCT = YES;
			};
			name = Release;
		};
		BFDA6DD520FD2BE900F6589E /* Debug */ = {
			isa = XCBuildConfiguration;
			buildSettings = {
				ALWAYS_EMBED_SWIFT_STANDARD_LIBRARIES = YES;
				ASSETCATALOG_COMPILER_APPICON_NAME = AppIcon;
				CODE_SIGN_STYLE = Automatic;
				INFOPLIST_FILE = HelloApp/Info.plist;
				LD_RUNPATH_SEARCH_PATHS = (
					"$(inherited)",
					"@executable_path/Frameworks",
				);
				PRODUCT_BUNDLE_IDENTIFIER = com.example.HelloApp;
				PRODUCT_NAME = "$(TARGET_NAME)";
				SWIFT_VERSION = 4.2;
				TARGETED_DEVICE_FAMILY = "1,2";
			};
			name = Debug;
		};
		BFDA6DD620FD2BE900F6589E /* Release */ = {
			isa = XCBuildConfiguration;
			buildSettings = {
				ALWAYS_EMBED_SWIFT_STANDARD_LIBRARIES = YES;
				ASSETCATALOG_COMPILER_APPICON_NAME = AppIcon;
				CODE_SIGN_STYLE = Automatic;
				INFOPLIST_FILE = HelloApp/Info.plist;
				LD_RUNPATH_SEARCH_PATHS = (
					"$(inherited)",
					"@executable_path/Frameworks",
				);
				PRODUCT_BUNDLE_IDENTIFIER = com.example.HelloApp;
				PRODUCT_NAME = "$(TARGET_NAME)";
				SWIFT_VERSION = 4.2;
				TARGETED_DEVICE_FAMILY = "1,2";
			};
			name = Release;
		};
/* End XCBuildConfiguration section */

/* Begin XCConfigurationList section */
		BFDA6DBD20FD2BE900F6589E /* Build configuration list for PBXProject "HelloApp" */ = {
			isa = XCConfigurationList;
			buildConfigurations = (
				BFDA6DD220FD2BE900F6589E /* Debug */,
				BFDA6DD320FD2BE900F6589E /* Release */,
			);
			defaultConfigurationIsVisible = 0;
			defaultConfigurationName = Release;
		};
		BFDA6DD420FD2BE900F6589E /* Build configuration list for PBXNativeTarget "HelloApp" */ = {
			isa = XCConfigurationList;
			buildConfigurations = (
				BFDA6DD520FD2BE900F6589E /* Debug */,
				BFDA6DD620FD2BE900F6589E /* Release */,
			);
			defaultConfigurationIsVisible = 0;
			defaultConfigurationName = Release;
		};
/* End XCConfigurationList section */
	};
	rootObject = BFDA6DBA20FD2BE900F6589E /* Project object */;
}
